// !$*UTF8*$!
{
	archiveVersion = 1;
	classes = {
	};
	objectVersion = 46;
	objects = {

/* Begin PBXBuildFile section */
		631557801AFE2711008909F5 /* AppDelegate.swift in Sources */ = {isa = PBXBuildFile; fileRef = 6315577F1AFE2711008909F5 /* AppDelegate.swift */; };
		631557851AFE2711008909F5 /* Main.storyboard in Resources */ = {isa = PBXBuildFile; fileRef = 631557831AFE2711008909F5 /* Main.storyboard */; };
		631557871AFE2711008909F5 /* Images.xcassets in Resources */ = {isa = PBXBuildFile; fileRef = 631557861AFE2711008909F5 /* Images.xcassets */; };
		6315578A1AFE2711008909F5 /* LaunchScreen.xib in Resources */ = {isa = PBXBuildFile; fileRef = 631557881AFE2711008909F5 /* LaunchScreen.xib */; };
		631557961AFE2711008909F5 /* Meme_MeTests.swift in Sources */ = {isa = PBXBuildFile; fileRef = 631557951AFE2711008909F5 /* Meme_MeTests.swift */; };
		631557A01AFE2736008909F5 /* MemeEditorViewController.swift in Sources */ = {isa = PBXBuildFile; fileRef = 6315579F1AFE2736008909F5 /* MemeEditorViewController.swift */; };
		631557A51AFE2894008909F5 /* Meme.swift in Sources */ = {isa = PBXBuildFile; fileRef = 631557A41AFE2894008909F5 /* Meme.swift */; };
		63900F2E1B0619B000C23040 /* MemeTableViewController.swift in Sources */ = {isa = PBXBuildFile; fileRef = 63900F2D1B0619B000C23040 /* MemeTableViewController.swift */; };
		63900F301B06234400C23040 /* MemeTableViewCell.swift in Sources */ = {isa = PBXBuildFile; fileRef = 63900F2F1B06234400C23040 /* MemeTableViewCell.swift */; };
		63A2BB411B00FA7F00991ABF /* MemeCollectionViewController.swift in Sources */ = {isa = PBXBuildFile; fileRef = 63A2BB401B00FA7F00991ABF /* MemeCollectionViewController.swift */; };
		63A2BB471B01077F00991ABF /* MemeCollectionViewCell.swift in Sources */ = {isa = PBXBuildFile; fileRef = 63A2BB461B01077F00991ABF /* MemeCollectionViewCell.swift */; };
/* End PBXBuildFile section */

/* Begin PBXContainerItemProxy section */
		631557901AFE2711008909F5 /* PBXContainerItemProxy */ = {
			isa = PBXContainerItemProxy;
			containerPortal = 631557721AFE2711008909F5 /* Project object */;
			proxyType = 1;
			remoteGlobalIDString = 631557791AFE2711008909F5;
			remoteInfo = "Meme Me";
		};
/* End PBXContainerItemProxy section */

/* Begin PBXFileReference section */
		6315577A1AFE2711008909F5 /* Meme Me.app */ = {isa = PBXFileReference; explicitFileType = wrapper.application; includeInIndex = 0; path = "Meme Me.app"; sourceTree = BUILT_PRODUCTS_DIR; };
		6315577E1AFE2711008909F5 /* Info.plist */ = {isa = PBXFileReference; lastKnownFileType = text.plist.xml; path = Info.plist; sourceTree = "<group>"; };
		6315577F1AFE2711008909F5 /* AppDelegate.swift */ = {isa = PBXFileReference; lastKnownFileType = sourcecode.swift; path = AppDelegate.swift; sourceTree = "<group>"; };
		631557841AFE2711008909F5 /* Base */ = {isa = PBXFileReference; lastKnownFileType = file.storyboard; name = Base; path = Base.lproj/Main.storyboard; sourceTree = "<group>"; };
		631557861AFE2711008909F5 /* Images.xcassets */ = {isa = PBXFileReference; lastKnownFileType = folder.assetcatalog; path = Images.xcassets; sourceTree = "<group>"; };
		631557891AFE2711008909F5 /* Base */ = {isa = PBXFileReference; lastKnownFileType = file.xib; name = Base; path = Base.lproj/LaunchScreen.xib; sourceTree = "<group>"; };
		6315578F1AFE2711008909F5 /* Meme MeTests.xctest */ = {isa = PBXFileReference; explicitFileType = wrapper.cfbundle; includeInIndex = 0; path = "Meme MeTests.xctest"; sourceTree = BUILT_PRODUCTS_DIR; };
		631557941AFE2711008909F5 /* Info.plist */ = {isa = PBXFileReference; lastKnownFileType = text.plist.xml; path = Info.plist; sourceTree = "<group>"; };
		631557951AFE2711008909F5 /* Meme_MeTests.swift */ = {isa = PBXFileReference; lastKnownFileType = sourcecode.swift; path = Meme_MeTests.swift; sourceTree = "<group>"; };
		6315579F1AFE2736008909F5 /* MemeEditorViewController.swift */ = {isa = PBXFileReference; fileEncoding = 4; lastKnownFileType = sourcecode.swift; path = MemeEditorViewController.swift; sourceTree = "<group>"; };
		631557A41AFE2894008909F5 /* Meme.swift */ = {isa = PBXFileReference; fileEncoding = 4; lastKnownFileType = sourcecode.swift; path = Meme.swift; sourceTree = "<group>"; };
		63900F2D1B0619B000C23040 /* MemeTableViewController.swift */ = {isa = PBXFileReference; fileEncoding = 4; lastKnownFileType = sourcecode.swift; path = MemeTableViewController.swift; sourceTree = "<group>"; };
		63900F2F1B06234400C23040 /* MemeTableViewCell.swift */ = {isa = PBXFileReference; fileEncoding = 4; lastKnownFileType = sourcecode.swift; path = MemeTableViewCell.swift; sourceTree = "<group>"; };
		63A2BB401B00FA7F00991ABF /* MemeCollectionViewController.swift */ = {isa = PBXFileReference; fileEncoding = 4; lastKnownFileType = sourcecode.swift; path = MemeCollectionViewController.swift; sourceTree = "<group>"; };
		63A2BB461B01077F00991ABF /* MemeCollectionViewCell.swift */ = {isa = PBXFileReference; fileEncoding = 4; lastKnownFileType = sourcecode.swift; path = MemeCollectionViewCell.swift; sourceTree = "<group>"; };
/* End PBXFileReference section */

/* Begin PBXFrameworksBuildPhase section */
		631557771AFE2711008909F5 /* Frameworks */ = {
			isa = PBXFrameworksBuildPhase;
			buildActionMask = 2147483647;
			files = (
			);
			runOnlyForDeploymentPostprocessing = 0;
		};
		6315578C1AFE2711008909F5 /* Frameworks */ = {
			isa = PBXFrameworksBuildPhase;
			buildActionMask = 2147483647;
			files = (
			);
			runOnlyForDeploymentPostprocessing = 0;
		};
/* End PBXFrameworksBuildPhase section */

/* Begin PBXGroup section */
		631557711AFE2711008909F5 = {
			isa = PBXGroup;
			children = (
				6315577C1AFE2711008909F5 /* Meme Me */,
				631557921AFE2711008909F5 /* Meme MeTests */,
				6315577B1AFE2711008909F5 /* Products */,
			);
			sourceTree = "<group>";
		};
		6315577B1AFE2711008909F5 /* Products */ = {
			isa = PBXGroup;
			children = (
				6315577A1AFE2711008909F5 /* Meme Me.app */,
				6315578F1AFE2711008909F5 /* Meme MeTests.xctest */,
			);
			name = Products;
			sourceTree = "<group>";
		};
		6315577C1AFE2711008909F5 /* Meme Me */ = {
			isa = PBXGroup;
			children = (
				6315579F1AFE2736008909F5 /* MemeEditorViewController.swift */,
				63900F2D1B0619B000C23040 /* MemeTableViewController.swift */,
				63900F2F1B06234400C23040 /* MemeTableViewCell.swift */,
				63A2BB401B00FA7F00991ABF /* MemeCollectionViewController.swift */,
				63A2BB461B01077F00991ABF /* MemeCollectionViewCell.swift */,
				631557831AFE2711008909F5 /* Main.storyboard */,
				631557A31AFE2871008909F5 /* Models */,
				6315577D1AFE2711008909F5 /* Supporting Files */,
			);
			path = "Meme Me";
			sourceTree = "<group>";
		};
		6315577D1AFE2711008909F5 /* Supporting Files */ = {
			isa = PBXGroup;
			children = (
				6315577F1AFE2711008909F5 /* AppDelegate.swift */,
				631557861AFE2711008909F5 /* Images.xcassets */,
				631557881AFE2711008909F5 /* LaunchScreen.xib */,
				6315577E1AFE2711008909F5 /* Info.plist */,
			);
			name = "Supporting Files";
			sourceTree = "<group>";
		};
		631557921AFE2711008909F5 /* Meme MeTests */ = {
			isa = PBXGroup;
			children = (
				631557951AFE2711008909F5 /* Meme_MeTests.swift */,
				631557931AFE2711008909F5 /* Supporting Files */,
			);
			path = "Meme MeTests";
			sourceTree = "<group>";
		};
		631557931AFE2711008909F5 /* Supporting Files */ = {
			isa = PBXGroup;
			children = (
				631557941AFE2711008909F5 /* Info.plist */,
			);
			name = "Supporting Files";
			sourceTree = "<group>";
		};
		631557A31AFE2871008909F5 /* Models */ = {
			isa = PBXGroup;
			children = (
				631557A41AFE2894008909F5 /* Meme.swift */,
			);
			name = Models;
			sourceTree = "<group>";
		};
/* End PBXGroup section */

/* Begin PBXNativeTarget section */
		631557791AFE2711008909F5 /* Meme Me */ = {
			isa = PBXNativeTarget;
			buildConfigurationList = 631557991AFE2711008909F5 /* Build configuration list for PBXNativeTarget "Meme Me" */;
			buildPhases = (
				631557761AFE2711008909F5 /* Sources */,
				631557771AFE2711008909F5 /* Frameworks */,
				631557781AFE2711008909F5 /* Resources */,
			);
			buildRules = (
			);
			dependencies = (
			);
			name = "Meme Me";
			productName = "Meme Me";
			productReference = 6315577A1AFE2711008909F5 /* Meme Me.app */;
			productType = "com.apple.product-type.application";
		};
		6315578E1AFE2711008909F5 /* Meme MeTests */ = {
			isa = PBXNativeTarget;
			buildConfigurationList = 6315579C1AFE2711008909F5 /* Build configuration list for PBXNativeTarget "Meme MeTests" */;
			buildPhases = (
				6315578B1AFE2711008909F5 /* Sources */,
				6315578C1AFE2711008909F5 /* Frameworks */,
				6315578D1AFE2711008909F5 /* Resources */,
			);
			buildRules = (
			);
			dependencies = (
				631557911AFE2711008909F5 /* PBXTargetDependency */,
			);
			name = "Meme MeTests";
			productName = "Meme MeTests";
			productReference = 6315578F1AFE2711008909F5 /* Meme MeTests.xctest */;
			productType = "com.apple.product-type.bundle.unit-test";
		};
/* End PBXNativeTarget section */

/* Begin PBXProject section */
		631557721AFE2711008909F5 /* Project object */ = {
			isa = PBXProject;
			attributes = {
				LastUpgradeCheck = 0630;
				ORGANIZATIONNAME = "David Truong";
				TargetAttributes = {
					631557791AFE2711008909F5 = {
						CreatedOnToolsVersion = 6.3.1;
					};
					6315578E1AFE2711008909F5 = {
						CreatedOnToolsVersion = 6.3.1;
						TestTargetID = 631557791AFE2711008909F5;
					};
				};
			};
			buildConfigurationList = 631557751AFE2711008909F5 /* Build configuration list for PBXProject "Meme Me" */;
			compatibilityVersion = "Xcode 3.2";
			developmentRegion = English;
			hasScannedForEncodings = 0;
			knownRegions = (
				en,
				Base,
			);
			mainGroup = 631557711AFE2711008909F5;
			productRefGroup = 6315577B1AFE2711008909F5 /* Products */;
			projectDirPath = "";
			projectRoot = "";
			targets = (
				631557791AFE2711008909F5 /* Meme Me */,
				6315578E1AFE2711008909F5 /* Meme MeTests */,
			);
		};
/* End PBXProject section */

/* Begin PBXResourcesBuildPhase section */
		631557781AFE2711008909F5 /* Resources */ = {
			isa = PBXResourcesBuildPhase;
			buildActionMask = 2147483647;
			files = (
				631557851AFE2711008909F5 /* Main.storyboard in Resources */,
				6315578A1AFE2711008909F5 /* LaunchScreen.xib in Resources */,
				631557871AFE2711008909F5 /* Images.xcassets in Resources */,
			);
			runOnlyForDeploymentPostprocessing = 0;
		};
		6315578D1AFE2711008909F5 /* Resources */ = {
			isa = PBXResourcesBuildPhase;
			buildActionMask = 2147483647;
			files = (
			);
			runOnlyForDeploymentPostprocessing = 0;
		};
/* End PBXResourcesBuildPhase section */

/* Begin PBXSourcesBuildPhase section */
		631557761AFE2711008909F5 /* Sources */ = {
			isa = PBXSourcesBuildPhase;
			buildActionMask = 2147483647;
			files = (
				63A2BB471B01077F00991ABF /* MemeCollectionViewCell.swift in Sources */,
				63A2BB411B00FA7F00991ABF /* MemeCollectionViewController.swift in Sources */,
				631557A01AFE2736008909F5 /* MemeEditorViewController.swift in Sources */,
				63900F2E1B0619B000C23040 /* MemeTableViewController.swift in Sources */,
				63900F301B06234400C23040 /* MemeTableViewCell.swift in Sources */,
				631557801AFE2711008909F5 /* AppDelegate.swift in Sources */,
				631557A51AFE2894008909F5 /* Meme.swift in Sources */,
			);
			runOnlyForDeploymentPostprocessing = 0;
		};
		6315578B1AFE2711008909F5 /* Sources */ = {
			isa = PBXSourcesBuildPhase;
			buildActionMask = 2147483647;
			files = (
				631557961AFE2711008909F5 /* Meme_MeTests.swift in Sources */,
			);
			runOnlyForDeploymentPostprocessing = 0;
		};
/* End PBXSourcesBuildPhase section */

/* Begin PBXTargetDependency section */
		631557911AFE2711008909F5 /* PBXTargetDependency */ = {
			isa = PBXTargetDependency;
			target = 631557791AFE2711008909F5 /* Meme Me */;
			targetProxy = 631557901AFE2711008909F5 /* PBXContainerItemProxy */;
		};
/* End PBXTargetDependency section */

/* Begin PBXVariantGroup section */
		631557831AFE2711008909F5 /* Main.storyboard */ = {
			isa = PBXVariantGroup;
			children = (
				631557841AFE2711008909F5 /* Base */,
			);
			name = Main.storyboard;
			sourceTree = "<group>";
		};
		631557881AFE2711008909F5 /* LaunchScreen.xib */ = {
			isa = PBXVariantGroup;
			children = (
				631557891AFE2711008909F5 /* Base */,
			);
			name = LaunchScreen.xib;
			sourceTree = "<group>";
		};
/* End PBXVariantGroup section */

/* Begin XCBuildConfiguration section */
		631557971AFE2711008909F5 /* Debug */ = {
			isa = XCBuildConfiguration;
			buildSettings = {
				ALWAYS_SEARCH_USER_PATHS = NO;
				CLANG_CXX_LANGUAGE_STANDARD = "gnu++0x";
				CLANG_CXX_LIBRARY = "libc++";
				CLANG_ENABLE_MODULES = YES;
				CLANG_ENABLE_OBJC_ARC = YES;
				CLANG_WARN_BOOL_CONVERSION = YES;
				CLANG_WARN_CONSTANT_CONVERSION = YES;
				CLANG_WARN_DIRECT_OBJC_ISA_USAGE = YES_ERROR;
				CLANG_WARN_EMPTY_BODY = YES;
				CLANG_WARN_ENUM_CONVERSION = YES;
				CLANG_WARN_INT_CONVERSION = YES;
				CLANG_WARN_OBJC_ROOT_CLASS = YES_ERROR;
				CLANG_WARN_UNREACHABLE_CODE = YES;
				CLANG_WARN__DUPLICATE_METHOD_MATCH = YES;
				"CODE_SIGN_IDENTITY[sdk=iphoneos*]" = "iPhone Developer";
				COPY_PHASE_STRIP = NO;
				DEBUG_INFORMATION_FORMAT = "dwarf-with-dsym";
				ENABLE_STRICT_OBJC_MSGSEND = YES;
				GCC_C_LANGUAGE_STANDARD = gnu99;
				GCC_DYNAMIC_NO_PIC = NO;
				GCC_NO_COMMON_BLOCKS = YES;
				GCC_OPTIMIZATION_LEVEL = 0;
				GCC_PREPROCESSOR_DEFINITIONS = (
					"DEBUG=1",
					"$(inherited)",
				);
				GCC_SYMBOLS_PRIVATE_EXTERN = NO;
				GCC_WARN_64_TO_32_BIT_CONVERSION = YES;
				GCC_WARN_ABOUT_RETURN_TYPE = YES_ERROR;
				GCC_WARN_UNDECLARED_SELECTOR = YES;
				GCC_WARN_UNINITIALIZED_AUTOS = YES_AGGRESSIVE;
				GCC_WARN_UNUSED_FUNCTION = YES;
				GCC_WARN_UNUSED_VARIABLE = YES;
				IPHONEOS_DEPLOYMENT_TARGET = 8.3;
				MTL_ENABLE_DEBUG_INFO = YES;
				ONLY_ACTIVE_ARCH = YES;
				SDKROOT = iphoneos;
				SWIFT_OPTIMIZATION_LEVEL = "-Onone";
			};
			name = Debug;
		};
		631557981AFE2711008909F5 /* Release */ = {
			isa = XCBuildConfiguration;
			buildSettings = {
				ALWAYS_SEARCH_USER_PATHS = NO;
				CLANG_CXX_LANGUAGE_STANDARD = "gnu++0x";
				CLANG_CXX_LIBRARY = "libc++";
				CLANG_ENABLE_MODULES = YES;
				CLANG_ENABLE_OBJC_ARC = YES;
				CLANG_WARN_BOOL_CONVERSION = YES;
				CLANG_WARN_CONSTANT_CONVERSION = YES;
				CLANG_WARN_DIRECT_OBJC_ISA_USAGE = YES_ERROR;
				CLANG_WARN_EMPTY_BODY = YES;
				CLANG_WARN_ENUM_CONVERSION = YES;
				CLANG_WARN_INT_CONVERSION = YES;
				CLANG_WARN_OBJC_ROOT_CLASS = YES_ERROR;
				CLANG_WARN_UNREACHABLE_CODE = YES;
				CLANG_WARN__DUPLICATE_METHOD_MATCH = YES;
				"CODE_SIGN_IDENTITY[sdk=iphoneos*]" = "iPhone Developer";
				COPY_PHASE_STRIP = NO;
				DEBUG_INFORMATION_FORMAT = "dwarf-with-dsym";
				ENABLE_NS_ASSERTIONS = NO;
				ENABLE_STRICT_OBJC_MSGSEND = YES;
				GCC_C_LANGUAGE_STANDARD = gnu99;
				GCC_NO_COMMON_BLOCKS = YES;
				GCC_WARN_64_TO_32_BIT_CONVERSION = YES;
				GCC_WARN_ABOUT_RETURN_TYPE = YES_ERROR;
				GCC_WARN_UNDECLARED_SELECTOR = YES;
				GCC_WARN_UNINITIALIZED_AUTOS = YES_AGGRESSIVE;
				GCC_WARN_UNUSED_FUNCTION = YES;
				GCC_WARN_UNUSED_VARIABLE = YES;
				IPHONEOS_DEPLOYMENT_TARGET = 8.3;
				MTL_ENABLE_DEBUG_INFO = NO;
				SDKROOT = iphoneos;
				VALIDATE_PRODUCT = YES;
			};
			name = Release;
		};
		6315579A1AFE2711008909F5 /* Debug */ = {
			isa = XCBuildConfiguration;
			buildSettings = {
				ASSETCATALOG_COMPILER_APPICON_NAME = AppIcon;
				INFOPLIST_FILE = "Meme Me/Info.plist";
				LD_RUNPATH_SEARCH_PATHS = "$(inherited) @executable_path/Frameworks";
				PRODUCT_NAME = "$(TARGET_NAME)";
			};
			name = Debug;
		};
		6315579B1AFE2711008909F5 /* Release */ = {
			isa = XCBuildConfiguration;
			buildSettings = {
				ASSETCATALOG_COMPILER_APPICON_NAME = AppIcon;
				INFOPLIST_FILE = "Meme Me/Info.plist";
				LD_RUNPATH_SEARCH_PATHS = "$(inherited) @executable_path/Frameworks";
				PRODUCT_NAME = "$(TARGET_NAME)";
			};
			name = Release;
		};
		6315579D1AFE2711008909F5 /* Debug */ = {
			isa = XCBuildConfiguration;
			buildSettings = {
				BUNDLE_LOADER = "$(TEST_HOST)";
				FRAMEWORK_SEARCH_PATHS = (
					"$(SDKROOT)/Developer/Library/Frameworks",
					"$(inherited)",
				);
				GCC_PREPROCESSOR_DEFINITIONS = (
					"DEBUG=1",
					"$(inherited)",
				);
				INFOPLIST_FILE = "Meme MeTests/Info.plist";
				LD_RUNPATH_SEARCH_PATHS = "$(inherited) @executable_path/Frameworks @loader_path/Frameworks";
				PRODUCT_NAME = "$(TARGET_NAME)";
				TEST_HOST = "$(BUILT_PRODUCTS_DIR)/Meme Me.app/Meme Me";
			};
			name = Debug;
		};
		6315579E1AFE2711008909F5 /* Release */ = {
			isa = XCBuildConfiguration;
			buildSettings = {
				BUNDLE_LOADER = "$(TEST_HOST)";
				FRAMEWORK_SEARCH_PATHS = (
					"$(SDKROOT)/Developer/Library/Frameworks",
					"$(inherited)",
				);
				INFOPLIST_FILE = "Meme MeTests/Info.plist";
				LD_RUNPATH_SEARCH_PATHS = "$(inherited) @executable_path/Frameworks @loader_path/Frameworks";
				PRODUCT_NAME = "$(TARGET_NAME)";
				TEST_HOST = "$(BUILT_PRODUCTS_DIR)/Meme Me.app/Meme Me";
			};
			name = Release;
		};
/* End XCBuildConfiguration section */

/* Begin XCConfigurationList section */
		631557751AFE2711008909F5 /* Build configuration list for PBXProject "Meme Me" */ = {
			isa = XCConfigurationList;
			buildConfigurations = (
				631557971AFE2711008909F5 /* Debug */,
				631557981AFE2711008909F5 /* Release */,
			);
			defaultConfigurationIsVisible = 0;
			defaultConfigurationName = Release;
		};
		631557991AFE2711008909F5 /* Build configuration list for PBXNativeTarget "Meme Me" */ = {
			isa = XCConfigurationList;
			buildConfigurations = (
				6315579A1AFE2711008909F5 /* Debug */,
				6315579B1AFE2711008909F5 /* Release */,
			);
			defaultConfigurationIsVisible = 0;
			defaultConfigurationName = Release;
		};
		6315579C1AFE2711008909F5 /* Build configuration list for PBXNativeTarget "Meme MeTests" */ = {
			isa = XCConfigurationList;
			buildConfigurations = (
				6315579D1AFE2711008909F5 /* Debug */,
				6315579E1AFE2711008909F5 /* Release */,
			);
			defaultConfigurationIsVisible = 0;
			defaultConfigurationName = Release;
		};
/* End XCConfigurationList section */
	};
	rootObject = 631557721AFE2711008909F5 /* Project object */;
}
